
Microsoft Visual Studio Solution File, Format Version 9.00
# Visual Studio 2005
Project("{2150E333-8FDC-42A3-9474-1A3956D46DE8}") = "Solution Items", "Solution Items", "{E3104533-8221-4F3B-9ED9-A7116AD3700B}"
	ProjectSection(WebsiteProperties) = preProject
		Debug.AspNetCompiler.Debug = "True"
		Release.AspNetCompiler.Debug = "False"
	EndProjectSection
	ProjectSection(SolutionItems) = preProject
		build.proj = build.proj
		RunBuild.cmd = RunBuild.cmd
	EndProjectSection
EndProject
Project("{4F174C21-8C12-11D0-8340-0000F80270F8}") = "Database", "Database\Database.dbp", "{31931704-1528-4C72-A594-1CBEAE5AB69F}"
	ProjectSection(WebsiteProperties) = preProject
		Debug.AspNetCompiler.Debug = "True"
		Release.AspNetCompiler.Debug = "False"
	EndProjectSection
EndProject
Project("{E24C65DC-7377-472B-9ABA-BC803B73C61A}") = "D:\...\SubSonicStarter\", "SubSonicStarter\", "{A3E64C65-E9DF-40A0-8858-8F18B9FC05FA}"
	ProjectSection(WebsiteProperties) = preProject
		Debug.AspNetCompiler.VirtualPath = "/SubSonicStarter"
		Debug.AspNetCompiler.PhysicalPath = "SubSonicStarter\"
		Debug.AspNetCompiler.TargetPath = "PrecompiledWeb\SubSonicStarter\"
		Debug.AspNetCompiler.Updateable = "true"
		Debug.AspNetCompiler.ForceOverwrite = "true"
		Debug.AspNetCompiler.FixedNames = "false"
		Debug.AspNetCompiler.Debug = "True"
		Release.AspNetCompiler.VirtualPath = "/SubSonicStarter"
		Release.AspNetCompiler.PhysicalPath = "SubSonicStarter\"
		Release.AspNetCompiler.TargetPath = "PrecompiledWeb\SubSonicStarter\"
		Release.AspNetCompiler.Updateable = "true"
		Release.AspNetCompiler.ForceOverwrite = "true"
		Release.AspNetCompiler.FixedNames = "false"
		Release.AspNetCompiler.Debug = "False"
		VWDPort = "49165"
	EndProjectSection
EndProject
Project("{E24C65DC-7377-472B-9ABA-BC803B73C61A}") = "D:\...\Website\", "Website\", "{C34927FB-35CF-42EF-981E-DE119B6006D2}"
	ProjectSection(WebsiteProperties) = preProject
		ProjectReferences = "{B8201FFE-1C53-46CF-A606-C4B3B58D433F}|Chapter08.dll;"
		Debug.AspNetCompiler.VirtualPath = "/Website"
		Debug.AspNetCompiler.PhysicalPath = "Website\"
		Debug.AspNetCompiler.TargetPath = "PrecompiledWeb\Website\"
		Debug.AspNetCompiler.Updateable = "true"
		Debug.AspNetCompiler.ForceOverwrite = "true"
		Debug.AspNetCompiler.FixedNames = "false"
		Debug.AspNetCompiler.Debug = "True"
		Release.AspNetCompiler.VirtualPath = "/Website"
		Release.AspNetCompiler.PhysicalPath = "Website\"
		Release.AspNetCompiler.TargetPath = "PrecompiledWeb\Website\"
		Release.AspNetCompiler.Updateable = "true"
		Release.AspNetCompiler.ForceOverwrite = "true"
		Release.AspNetCompiler.FixedNames = "false"
		Release.AspNetCompiler.Debug = "False"
		VWDPort = "49978"
		DefaultWebSiteLanguage = "Visual C#"
	EndProjectSection
EndProject
Project("{FAE04EC0-301F-11D3-BF4B-00C04F79EFBC}") = "ClassLibrary", "ClassLibrary\ClassLibrary.csproj", "{B8201FFE-1C53-46CF-A606-C4B3B58D433F}"
	ProjectSection(WebsiteProperties) = preProject
		Debug.AspNetCompiler.Debug = "True"
		Release.AspNetCompiler.Debug = "False"
	EndProjectSection
EndProject
Project("{E24C65DC-7377-472B-9ABA-BC803B73C61A}") = "D:\...\BlinqWebsite\", "BlinqWebsite\", "{3171C774-B5B1-4AD8-9A58-332A1B0668E2}"
	ProjectSection(WebsiteProperties) = preProject
		Debug.AspNetCompiler.VirtualPath = "/BlinqWebsite"
		Debug.AspNetCompiler.PhysicalPath = "BlinqWebsite\"
		Debug.AspNetCompiler.TargetPath = "PrecompiledWeb\BlinqWebsite\"
		Debug.AspNetCompiler.Updateable = "true"
		Debug.AspNetCompiler.ForceOverwrite = "true"
		Debug.AspNetCompiler.FixedNames = "false"
		Debug.AspNetCompiler.Debug = "True"
		Release.AspNetCompiler.VirtualPath = "/BlinqWebsite"
		Release.AspNetCompiler.PhysicalPath = "BlinqWebsite\"
		Release.AspNetCompiler.TargetPath = "PrecompiledWeb\BlinqWebsite\"
		Release.AspNetCompiler.Updateable = "true"
		Release.AspNetCompiler.ForceOverwrite = "true"
		Release.AspNetCompiler.FixedNames = "false"
		Release.AspNetCompiler.Debug = "False"
		VWDPort = "51142"
	EndProjectSection
EndProject
Project("{E24C65DC-7377-472B-9ABA-BC803B73C61A}") = "D:\...\BlinqNorthwindWebsite\", "BlinqNorthwindWebsite\", "{E170F992-8E68-4AEF-99AF-1A611F0978A8}"
	ProjectSection(WebsiteProperties) = preProject
		Debug.AspNetCompiler.VirtualPath = "/BlinqNorthwindWebsite"
		Debug.AspNetCompiler.PhysicalPath = "BlinqNorthwindWebsite\"
		Debug.AspNetCompiler.TargetPath = "PrecompiledWeb\BlinqNorthwindWebsite\"
		Debug.AspNetCompiler.Updateable = "true"
		Debug.AspNetCompiler.ForceOverwrite = "true"
		Debug.AspNetCompiler.FixedNames = "false"
		Debug.AspNetCompiler.Debug = "True"
		Release.AspNetCompiler.VirtualPath = "/BlinqNorthwindWebsite"
		Release.AspNetCompiler.PhysicalPath = "BlinqNorthwindWebsite\"
		Release.AspNetCompiler.TargetPath = "PrecompiledWeb\BlinqNorthwindWebsite\"
		Release.AspNetCompiler.Updateable = "true"
		Release.AspNetCompiler.ForceOverwrite = "true"
		Release.AspNetCompiler.FixedNames = "false"
		Release.AspNetCompiler.Debug = "False"
		VWDPort = "49721"
	EndProjectSection
EndProject
Global
	GlobalSection(SolutionConfigurationPlatforms) = preSolution
		Debug|.NET = Debug|.NET
		Debug|Any CPU = Debug|Any CPU
		Debug|Mixed Platforms = Debug|Mixed Platforms
		Release|.NET = Release|.NET
		Release|Any CPU = Release|Any CPU
		Release|Mixed Platforms = Release|Mixed Platforms
	EndGlobalSection
	GlobalSection(ProjectConfigurationPlatforms) = postSolution
		{A3E64C65-E9DF-40A0-8858-8F18B9FC05FA}.Debug|.NET.ActiveCfg = Debug|.NET
		{A3E64C65-E9DF-40A0-8858-8F18B9FC05FA}.Debug|.NET.Build.0 = Debug|.NET
		{A3E64C65-E9DF-40A0-8858-8F18B9FC05FA}.Debug|Any CPU.ActiveCfg = Debug|.NET
		{A3E64C65-E9DF-40A0-8858-8F18B9FC05FA}.Debug|Mixed Platforms.ActiveCfg = Debug|.NET
		{A3E64C65-E9DF-40A0-8858-8F18B9FC05FA}.Debug|Mixed Platforms.Build.0 = Debug|.NET
		{A3E64C65-E9DF-40A0-8858-8F18B9FC05FA}.Release|.NET.ActiveCfg = Debug|.NET
		{A3E64C65-E9DF-40A0-8858-8F18B9FC05FA}.Release|.NET.Build.0 = Debug|.NET
		{A3E64C65-E9DF-40A0-8858-8F18B9FC05FA}.Release|Any CPU.ActiveCfg = Debug|.NET
		{A3E64C65-E9DF-40A0-8858-8F18B9FC05FA}.Release|Mixed Platforms.ActiveCfg = Debug|.NET
		{A3E64C65-E9DF-40A0-8858-8F18B9FC05FA}.Release|Mixed Platforms.Build.0 = Debug|.NET
		{C34927FB-35CF-42EF-981E-DE119B6006D2}.Debug|.NET.ActiveCfg = Debug|.NET
		{C34927FB-35CF-42EF-981E-DE119B6006D2}.Debug|.NET.Build.0 = Debug|.NET
		{C34927FB-35CF-42EF-981E-DE119B6006D2}.Debug|Any CPU.ActiveCfg = Debug|.NET
		{C34927FB-35CF-42EF-981E-DE119B6006D2}.Debug|Mixed Platforms.ActiveCfg = Debug|.NET
		{C34927FB-35CF-42EF-981E-DE119B6006D2}.Debug|Mixed Platforms.Build.0 = Debug|.NET
		{C34927FB-35CF-42EF-981E-DE119B6006D2}.Release|.NET.ActiveCfg = Debug|.NET
		{C34927FB-35CF-42EF-981E-DE119B6006D2}.Release|.NET.Build.0 = Debug|.NET
		{C34927FB-35CF-42EF-981E-DE119B6006D2}.Release|Any CPU.ActiveCfg = Debug|.NET
		{C34927FB-35CF-42EF-981E-DE119B6006D2}.Release|Mixed Platforms.ActiveCfg = Debug|.NET
		{C34927FB-35CF-42EF-981E-DE119B6006D2}.Release|Mixed Platforms.Build.0 = Debug|.NET
		{B8201FFE-1C53-46CF-A606-C4B3B58D433F}.Debug|.NET.ActiveCfg = Debug|Any CPU
		{B8201FFE-1C53-46CF-A606-C4B3B58D433F}.Debug|Any CPU.ActiveCfg = Debug|Any CPU
		{B8201FFE-1C53-46CF-A606-C4B3B58D433F}.Debug|Any CPU.Build.0 = Debug|Any CPU
		{B8201FFE-1C53-46CF-A606-C4B3B58D433F}.Debug|Mixed Platforms.ActiveCfg = Debug|Any CPU
		{B8201FFE-1C53-46CF-A606-C4B3B58D433F}.Debug|Mixed Platforms.Build.0 = Debug|Any CPU
		{B8201FFE-1C53-46CF-A606-C4B3B58D433F}.Release|.NET.ActiveCfg = Release|Any CPU
		{B8201FFE-1C53-46CF-A606-C4B3B58D433F}.Release|Any CPU.ActiveCfg = Release|Any CPU
		{B8201FFE-1C53-46CF-A606-C4B3B58D433F}.Release|Any CPU.Build.0 = Release|Any CPU
		{B8201FFE-1C53-46CF-A606-C4B3B58D433F}.Release|Mixed Platforms.ActiveCfg = Release|Any CPU
		{B8201FFE-1C53-46CF-A606-C4B3B58D433F}.Release|Mixed Platforms.Build.0 = Release|Any CPU
		{3171C774-B5B1-4AD8-9A58-332A1B0668E2}.Debug|.NET.ActiveCfg = Debug|.NET
		{3171C774-B5B1-4AD8-9A58-332A1B0668E2}.Debug|.NET.Build.0 = Debug|.NET
		{3171C774-B5B1-4AD8-9A58-332A1B0668E2}.Debug|Any CPU.ActiveCfg = Debug|.NET
		{3171C774-B5B1-4AD8-9A58-332A1B0668E2}.Debug|Mixed Platforms.ActiveCfg = Debug|.NET
		{3171C774-B5B1-4AD8-9A58-332A1B0668E2}.Debug|Mixed Platforms.Build.0 = Debug|.NET
		{3171C774-B5B1-4AD8-9A58-332A1B0668E2}.Release|.NET.ActiveCfg = Debug|.NET
		{3171C774-B5B1-4AD8-9A58-332A1B0668E2}.Release|.NET.Build.0 = Debug|.NET
		{3171C774-B5B1-4AD8-9A58-332A1B0668E2}.Release|Any CPU.ActiveCfg = Debug|.NET
		{3171C774-B5B1-4AD8-9A58-332A1B0668E2}.Release|Mixed Platforms.ActiveCfg = Debug|.NET
		{3171C774-B5B1-4AD8-9A58-332A1B0668E2}.Release|Mixed Platforms.Build.0 = Debug|.NET
		{E170F992-8E68-4AEF-99AF-1A611F0978A8}.Debug|.NET.ActiveCfg = Debug|.NET
		{E170F992-8E68-4AEF-99AF-1A611F0978A8}.Debug|.NET.Build.0 = Debug|.NET
		{E170F992-8E68-4AEF-99AF-1A611F0978A8}.Debug|Any CPU.ActiveCfg = Debug|.NET
		{E170F992-8E68-4AEF-99AF-1A611F0978A8}.Debug|Mixed Platforms.ActiveCfg = Debug|.NET
		{E170F992-8E68-4AEF-99AF-1A611F0978A8}.Debug|Mixed Platforms.Build.0 = Debug|.NET
		{E170F992-8E68-4AEF-99AF-1A611F0978A8}.Release|.NET.ActiveCfg = Debug|.NET
		{E170F992-8E68-4AEF-99AF-1A611F0978A8}.Release|.NET.Build.0 = Debug|.NET
		{E170F992-8E68-4AEF-99AF-1A611F0978A8}.Release|Any CPU.ActiveCfg = Debug|.NET
		{E170F992-8E68-4AEF-99AF-1A611F0978A8}.Release|Mixed Platforms.ActiveCfg = Debug|.NET
		{E170F992-8E68-4AEF-99AF-1A611F0978A8}.Release|Mixed Platforms.Build.0 = Debug|.NET
	EndGlobalSection
	GlobalSection(SolutionProperties) = preSolution
		HideSolutionNode = FALSE
	EndGlobalSection
EndGlobal
