
Microsoft Visual Studio Solution File, Format Version 9.00
# Visual Studio 2005
Project("{2150E333-8FDC-42A3-9474-1A3956D46DE8}") = "Solution Items", "Solution Items", "{47B5B753-944F-4F12-B058-3482985877A3}"
	ProjectSection(SolutionItems) = preProject
		Add Provider Services.cmd = Add Provider Services.cmd
		Remove Provider Services.cmd = Remove Provider Services.cmd
	EndProjectSection
EndProject
Project("{E24C65DC-7377-472B-9ABA-BC803B73C61A}") = "D:\...\WebSite\", "WebSite\", "{A0D09113-DC49-46FC-8627-F300CDC0277F}"
	ProjectSection(WebsiteProperties) = preProject
		Debug.AspNetCompiler.VirtualPath = "/WebSite"
		Debug.AspNetCompiler.PhysicalPath = "WebSite\"
		Debug.AspNetCompiler.TargetPath = "PrecompiledWeb\WebSite\"
		Debug.AspNetCompiler.Updateable = "true"
		Debug.AspNetCompiler.ForceOverwrite = "true"
		Debug.AspNetCompiler.FixedNames = "false"
		Debug.AspNetCompiler.Debug = "True"
		Release.AspNetCompiler.VirtualPath = "/WebSite"
		Release.AspNetCompiler.PhysicalPath = "WebSite\"
		Release.AspNetCompiler.TargetPath = "PrecompiledWeb\WebSite\"
		Release.AspNetCompiler.Updateable = "true"
		Release.AspNetCompiler.ForceOverwrite = "true"
		Release.AspNetCompiler.FixedNames = "false"
		Release.AspNetCompiler.Debug = "False"
		VWDPort = "3898"
		DefaultWebSiteLanguage = "Visual C#"
	EndProjectSection
EndProject
Project("{4F174C21-8C12-11D0-8340-0000F80270F8}") = "Database", "Database\Database.dbp", "{9A46CBF5-6283-4937-9092-08AE456B4649}"
EndProject
Global
	GlobalSection(SolutionConfigurationPlatforms) = preSolution
		Debug|.NET = Debug|.NET
	EndGlobalSection
	GlobalSection(ProjectConfigurationPlatforms) = postSolution
		{A0D09113-DC49-46FC-8627-F300CDC0277F}.Debug|.NET.ActiveCfg = Debug|.NET
		{A0D09113-DC49-46FC-8627-F300CDC0277F}.Debug|.NET.Build.0 = Debug|.NET
	EndGlobalSection
	GlobalSection(SolutionProperties) = preSolution
		HideSolutionNode = FALSE
	EndGlobalSection
EndGlobal
